
Microsoft Visual Studio Solution File, Format Version 12.00
# Visual Studio Version 17
VisualStudioVersion = 17.9.34723.18
MinimumVisualStudioVersion = 10.0.40219.1
Project("{9A19103F-16F7-4668-BE54-9A1E7A4F7556}") = "ExamenP2", "ExamenP2.csproj", "{502396AF-5ED8-487F-AB07-9ED5340E7BB9}"
EndProject
Project("{9A19103F-16F7-4668-BE54-9A1E7A4F7556}") = "Interfaces", "Interfaces\Interfaces.csproj", "{B0A37682-B9B3-41BA-95D7-3169ECE926F9}"
EndProject
Project("{9A19103F-16F7-4668-BE54-9A1E7A4F7556}") = "Indexador", "Indexador\Indexador.csproj", "{553A4A1B-36A6-46EF-A410-5613BC2FC998}"
EndProject
Project("{9A19103F-16F7-4668-BE54-9A1E7A4F7556}") = "Delegados", "Delegados\Delegados.csproj", "{A8C181C1-CEB4-42F6-A9D6-A7DFA287A6CC}"
EndProject
Global
	GlobalSection(SolutionConfigurationPlatforms) = preSolution
		Debug|Any CPU = Debug|Any CPU
		Release|Any CPU = Release|Any CPU
	EndGlobalSection
	GlobalSection(ProjectConfigurationPlatforms) = postSolution
		{502396AF-5ED8-487F-AB07-9ED5340E7BB9}.Debug|Any CPU.ActiveCfg = Debug|Any CPU
		{502396AF-5ED8-487F-AB07-9ED5340E7BB9}.Debug|Any CPU.Build.0 = Debug|Any CPU
		{502396AF-5ED8-487F-AB07-9ED5340E7BB9}.Release|Any CPU.ActiveCfg = Release|Any CPU
		{502396AF-5ED8-487F-AB07-9ED5340E7BB9}.Release|Any CPU.Build.0 = Release|Any CPU
		{B0A37682-B9B3-41BA-95D7-3169ECE926F9}.Debug|Any CPU.ActiveCfg = Debug|Any CPU
		{B0A37682-B9B3-41BA-95D7-3169ECE926F9}.Debug|Any CPU.Build.0 = Debug|Any CPU
		{B0A37682-B9B3-41BA-95D7-3169ECE926F9}.Release|Any CPU.ActiveCfg = Release|Any CPU
		{B0A37682-B9B3-41BA-95D7-3169ECE926F9}.Release|Any CPU.Build.0 = Release|Any CPU
		{553A4A1B-36A6-46EF-A410-5613BC2FC998}.Debug|Any CPU.ActiveCfg = Debug|Any CPU
		{553A4A1B-36A6-46EF-A410-5613BC2FC998}.Debug|Any CPU.Build.0 = Debug|Any CPU
		{553A4A1B-36A6-46EF-A410-5613BC2FC998}.Release|Any CPU.ActiveCfg = Release|Any CPU
		{553A4A1B-36A6-46EF-A410-5613BC2FC998}.Release|Any CPU.Build.0 = Release|Any CPU
		{A8C181C1-CEB4-42F6-A9D6-A7DFA287A6CC}.Debug|Any CPU.ActiveCfg = Debug|Any CPU
		{A8C181C1-CEB4-42F6-A9D6-A7DFA287A6CC}.Debug|Any CPU.Build.0 = Debug|Any CPU
		{A8C181C1-CEB4-42F6-A9D6-A7DFA287A6CC}.Release|Any CPU.ActiveCfg = Release|Any CPU
		{A8C181C1-CEB4-42F6-A9D6-A7DFA287A6CC}.Release|Any CPU.Build.0 = Release|Any CPU
	EndGlobalSection
	GlobalSection(SolutionProperties) = preSolution
		HideSolutionNode = FALSE
	EndGlobalSection
	GlobalSection(ExtensibilityGlobals) = postSolution
		SolutionGuid = {25A724B7-2F18-47BD-A3C6-125A29DD530C}
	EndGlobalSection
EndGlobal
